
Microsoft Visual Studio Solution File, Format Version 12.00
# Visual Studio Version 17
VisualStudioVersion = 17.13.35931.197 d17.13
MinimumVisualStudioVersion = 10.0.40219.1
Project("{FAE04EC0-301F-11D3-BF4B-00C04F79EFBC}") = "RunnerStats", "RunnerStats\RunnerStats.csproj", "{1C77E07B-BF41-45EC-A21D-294E2F6F0C7E}"
EndProject
Global
	GlobalSection(SolutionConfigurationPlatforms) = preSolution
		Debug|Any CPU = Debug|Any CPU
		Release|Any CPU = Release|Any CPU
	EndGlobalSection
	GlobalSection(ProjectConfigurationPlatforms) = postSolution
		{1C77E07B-BF41-45EC-A21D-294E2F6F0C7E}.Debug|Any CPU.ActiveCfg = Debug|Any CPU
		{1C77E07B-BF41-45EC-A21D-294E2F6F0C7E}.Debug|Any CPU.Build.0 = Debug|Any CPU
		{1C77E07B-BF41-45EC-A21D-294E2F6F0C7E}.Release|Any CPU.ActiveCfg = Release|Any CPU
		{1C77E07B-BF41-45EC-A21D-294E2F6F0C7E}.Release|Any CPU.Build.0 = Release|Any CPU
	EndGlobalSection
	GlobalSection(SolutionProperties) = preSolution
		HideSolutionNode = FALSE
	EndGlobalSection
	GlobalSection(ExtensibilityGlobals) = postSolution
		SolutionGuid = {84E95649-5DD8-4AB1-B4F8-4326EB9A3A9D}
	EndGlobalSection
EndGlobal
